
Microsoft Visual Studio Solution File, Format Version 12.00
# Visual Studio 15
VisualStudioVersion = 15.0.28307.1062
MinimumVisualStudioVersion = 10.0.40219.1
Project("{9A19103F-16F7-4668-BE54-9A1E7A4F7556}") = "vega", "vega.csproj", "{A3D2CCD3-0ECB-4567-8C5F-D43D67EDDE0C}"
EndProject
Global
	GlobalSection(SolutionConfigurationPlatforms) = preSolution
		Debug|Any CPU = Debug|Any CPU
		Release|Any CPU = Release|Any CPU
	EndGlobalSection
	GlobalSection(ProjectConfigurationPlatforms) = postSolution
		{A3D2CCD3-0ECB-4567-8C5F-D43D67EDDE0C}.Debug|Any CPU.ActiveCfg = Debug|Any CPU
		{A3D2CCD3-0ECB-4567-8C5F-D43D67EDDE0C}.Debug|Any CPU.Build.0 = Debug|Any CPU
		{A3D2CCD3-0ECB-4567-8C5F-D43D67EDDE0C}.Release|Any CPU.ActiveCfg = Release|Any CPU
		{A3D2CCD3-0ECB-4567-8C5F-D43D67EDDE0C}.Release|Any CPU.Build.0 = Release|Any CPU
	EndGlobalSection
	GlobalSection(SolutionProperties) = preSolution
		HideSolutionNode = FALSE
	EndGlobalSection
	GlobalSection(ExtensibilityGlobals) = postSolution
		SolutionGuid = {36CEDEA9-B382-4440-AD44-031B2CD0330B}
	EndGlobalSection
EndGlobal
